
Microsoft Visual Studio Solution File, Format Version 12.00
# Visual Studio Version 17
VisualStudioVersion = 17.13.35818.85
MinimumVisualStudioVersion = 10.0.40219.1
Project("{FAE04EC0-301F-11D3-BF4B-00C04F79EFBC}") = "01_NotePad", "02_NotePad\01_NotePad.csproj", "{2C515A16-D10A-4962-9BAF-4325B3A224C4}"
EndProject
Project("{FAE04EC0-301F-11D3-BF4B-00C04F79EFBC}") = "02_Library", "02_Library\02_Library.csproj", "{5B902851-DE0B-4F00-A776-4452180E18E1}"
EndProject
Project("{FAE04EC0-301F-11D3-BF4B-00C04F79EFBC}") = "03_BasicCarRentalSystem", "03_BasicCarRentalSystem\03_BasicCarRentalSystem.csproj", "{085F4B3F-5128-4943-B213-B8D57914B0FB}"
EndProject
Project("{FAE04EC0-301F-11D3-BF4B-00C04F79EFBC}") = "04_HotelReceptionSystem", "04_HotelReceptionSystem\04_HotelReceptionSystem.csproj", "{B4E0E11A-372D-4BA9-86C8-D005935E87BC}"
EndProject
Project("{FAE04EC0-301F-11D3-BF4B-00C04F79EFBC}") = "05_ApartmentManagement", "05_ApartmentManagement\05_ApartmentManagement.csproj", "{77286CF4-0E86-47E4-9560-183796A320E2}"
EndProject
Global
	GlobalSection(SolutionConfigurationPlatforms) = preSolution
		Debug|Any CPU = Debug|Any CPU
		Release|Any CPU = Release|Any CPU
	EndGlobalSection
	GlobalSection(ProjectConfigurationPlatforms) = postSolution
		{2C515A16-D10A-4962-9BAF-4325B3A224C4}.Debug|Any CPU.ActiveCfg = Debug|Any CPU
		{2C515A16-D10A-4962-9BAF-4325B3A224C4}.Debug|Any CPU.Build.0 = Debug|Any CPU
		{2C515A16-D10A-4962-9BAF-4325B3A224C4}.Release|Any CPU.ActiveCfg = Release|Any CPU
		{2C515A16-D10A-4962-9BAF-4325B3A224C4}.Release|Any CPU.Build.0 = Release|Any CPU
		{5B902851-DE0B-4F00-A776-4452180E18E1}.Debug|Any CPU.ActiveCfg = Debug|Any CPU
		{5B902851-DE0B-4F00-A776-4452180E18E1}.Debug|Any CPU.Build.0 = Debug|Any CPU
		{5B902851-DE0B-4F00-A776-4452180E18E1}.Release|Any CPU.ActiveCfg = Release|Any CPU
		{5B902851-DE0B-4F00-A776-4452180E18E1}.Release|Any CPU.Build.0 = Release|Any CPU
		{085F4B3F-5128-4943-B213-B8D57914B0FB}.Debug|Any CPU.ActiveCfg = Debug|Any CPU
		{085F4B3F-5128-4943-B213-B8D57914B0FB}.Debug|Any CPU.Build.0 = Debug|Any CPU
		{085F4B3F-5128-4943-B213-B8D57914B0FB}.Release|Any CPU.ActiveCfg = Release|Any CPU
		{085F4B3F-5128-4943-B213-B8D57914B0FB}.Release|Any CPU.Build.0 = Release|Any CPU
		{B4E0E11A-372D-4BA9-86C8-D005935E87BC}.Debug|Any CPU.ActiveCfg = Debug|Any CPU
		{B4E0E11A-372D-4BA9-86C8-D005935E87BC}.Debug|Any CPU.Build.0 = Debug|Any CPU
		{B4E0E11A-372D-4BA9-86C8-D005935E87BC}.Release|Any CPU.ActiveCfg = Release|Any CPU
		{B4E0E11A-372D-4BA9-86C8-D005935E87BC}.Release|Any CPU.Build.0 = Release|Any CPU
		{77286CF4-0E86-47E4-9560-183796A320E2}.Debug|Any CPU.ActiveCfg = Debug|Any CPU
		{77286CF4-0E86-47E4-9560-183796A320E2}.Debug|Any CPU.Build.0 = Debug|Any CPU
		{77286CF4-0E86-47E4-9560-183796A320E2}.Release|Any CPU.ActiveCfg = Release|Any CPU
		{77286CF4-0E86-47E4-9560-183796A320E2}.Release|Any CPU.Build.0 = Release|Any CPU
	EndGlobalSection
	GlobalSection(SolutionProperties) = preSolution
		HideSolutionNode = FALSE
	EndGlobalSection
	GlobalSection(ExtensibilityGlobals) = postSolution
		SolutionGuid = {15E3592A-2C83-4742-812C-64FEBFF6A544}
	EndGlobalSection
EndGlobal
